// !$*UTF8*$!
{
	archiveVersion = 1;
	classes = {
	};
	objectVersion = 56;
	objects = {

/* Begin PBXBuildFile section */
		C13DE5EB2A45FEED004CECC3 /* RealityKitContent in Frameworks */ = {isa = PBXBuildFile; productRef = C13DE5EA2A45FEED004CECC3 /* RealityKitContent */; };
		C13DE5ED2A45FEED004CECC3 /* rudo_visionApp.swift in Sources */ = {isa = PBXBuildFile; fileRef = C13DE5EC2A45FEED004CECC3 /* rudo_visionApp.swift */; };
		C13DE5EF2A45FEED004CECC3 /* HomeView.swift in Sources */ = {isa = PBXBuildFile; fileRef = C13DE5EE2A45FEED004CECC3 /* HomeView.swift */; };
		C13DE5F12A45FEED004CECC3 /* ImmersiveView.swift in Sources */ = {isa = PBXBuildFile; fileRef = C13DE5F02A45FEED004CECC3 /* ImmersiveView.swift */; };
		C13DE5F32A45FEED004CECC3 /* ImageBasedLight.exr in Resources */ = {isa = PBXBuildFile; fileRef = C13DE5F22A45FEED004CECC3 /* ImageBasedLight.exr */; };
		C13DE5F52A45FEEE004CECC3 /* Assets.xcassets in Resources */ = {isa = PBXBuildFile; fileRef = C13DE5F42A45FEEE004CECC3 /* Assets.xcassets */; };
		C13DE5F82A45FEEE004CECC3 /* Preview Assets.xcassets in Resources */ = {isa = PBXBuildFile; fileRef = C13DE5F72A45FEEE004CECC3 /* Preview Assets.xcassets */; };
		C13DE6022A45FEEF004CECC3 /* rudo_visionTests.swift in Sources */ = {isa = PBXBuildFile; fileRef = C13DE6012A45FEEF004CECC3 /* rudo_visionTests.swift */; };
		C13DE6102A461F82004CECC3 /* FootballerRow.swift in Sources */ = {isa = PBXBuildFile; fileRef = C13DE60F2A461F82004CECC3 /* FootballerRow.swift */; };
		C13DE6122A462281004CECC3 /* HomeViewModel.swift in Sources */ = {isa = PBXBuildFile; fileRef = C13DE6112A462281004CECC3 /* HomeViewModel.swift */; };
		C13DE6172A4622F6004CECC3 /* Footballer.swift in Sources */ = {isa = PBXBuildFile; fileRef = C13DE6162A4622F6004CECC3 /* Footballer.swift */; };
		C13DE61E2A463B32004CECC3 /* StatisticsView.swift in Sources */ = {isa = PBXBuildFile; fileRef = C13DE61D2A463B32004CECC3 /* StatisticsView.swift */; };
/* End PBXBuildFile section */

/* Begin PBXContainerItemProxy section */
		C13DE5FE2A45FEEF004CECC3 /* PBXContainerItemProxy */ = {
			isa = PBXContainerItemProxy;
			containerPortal = C13DE5DD2A45FEED004CECC3 /* Project object */;
			proxyType = 1;
			remoteGlobalIDString = C13DE5E42A45FEED004CECC3;
			remoteInfo = "rudo vision";
		};
/* End PBXContainerItemProxy section */

/* Begin PBXFileReference section */
		C13DE5E52A45FEED004CECC3 /* rudo vision.app */ = {isa = PBXFileReference; explicitFileType = wrapper.application; includeInIndex = 0; path = "rudo vision.app"; sourceTree = BUILT_PRODUCTS_DIR; };
		C13DE5E92A45FEED004CECC3 /* RealityKitContent */ = {isa = PBXFileReference; lastKnownFileType = wrapper; path = RealityKitContent; sourceTree = "<group>"; };
		C13DE5EC2A45FEED004CECC3 /* rudo_visionApp.swift */ = {isa = PBXFileReference; lastKnownFileType = sourcecode.swift; path = rudo_visionApp.swift; sourceTree = "<group>"; };
		C13DE5EE2A45FEED004CECC3 /* HomeView.swift */ = {isa = PBXFileReference; lastKnownFileType = sourcecode.swift; path = HomeView.swift; sourceTree = "<group>"; };
		C13DE5F02A45FEED004CECC3 /* ImmersiveView.swift */ = {isa = PBXFileReference; lastKnownFileType = sourcecode.swift; path = ImmersiveView.swift; sourceTree = "<group>"; };
		C13DE5F22A45FEED004CECC3 /* ImageBasedLight.exr */ = {isa = PBXFileReference; lastKnownFileType = file; path = ImageBasedLight.exr; sourceTree = "<group>"; };
		C13DE5F42A45FEEE004CECC3 /* Assets.xcassets */ = {isa = PBXFileReference; lastKnownFileType = folder.assetcatalog; path = Assets.xcassets; sourceTree = "<group>"; };
		C13DE5F72A45FEEE004CECC3 /* Preview Assets.xcassets */ = {isa = PBXFileReference; lastKnownFileType = folder.assetcatalog; path = "Preview Assets.xcassets"; sourceTree = "<group>"; };
		C13DE5FD2A45FEEF004CECC3 /* rudo visionTests.xctest */ = {isa = PBXFileReference; explicitFileType = wrapper.cfbundle; includeInIndex = 0; path = "rudo visionTests.xctest"; sourceTree = BUILT_PRODUCTS_DIR; };
		C13DE6012A45FEEF004CECC3 /* rudo_visionTests.swift */ = {isa = PBXFileReference; lastKnownFileType = sourcecode.swift; path = rudo_visionTests.swift; sourceTree = "<group>"; };
		C13DE60F2A461F82004CECC3 /* FootballerRow.swift */ = {isa = PBXFileReference; lastKnownFileType = sourcecode.swift; path = FootballerRow.swift; sourceTree = "<group>"; };
		C13DE6112A462281004CECC3 /* HomeViewModel.swift */ = {isa = PBXFileReference; lastKnownFileType = sourcecode.swift; path = HomeViewModel.swift; sourceTree = "<group>"; };
		C13DE6162A4622F6004CECC3 /* Footballer.swift */ = {isa = PBXFileReference; lastKnownFileType = sourcecode.swift; path = Footballer.swift; sourceTree = "<group>"; };
		C13DE6182A4635C7004CECC3 /* rudo-vision-Info.plist */ = {isa = PBXFileReference; lastKnownFileType = text.plist; path = "rudo-vision-Info.plist"; sourceTree = SOURCE_ROOT; };
		C13DE61D2A463B32004CECC3 /* StatisticsView.swift */ = {isa = PBXFileReference; lastKnownFileType = sourcecode.swift; path = StatisticsView.swift; sourceTree = "<group>"; };
/* End PBXFileReference section */

/* Begin PBXFrameworksBuildPhase section */
		C13DE5E22A45FEED004CECC3 /* Frameworks */ = {
			isa = PBXFrameworksBuildPhase;
			buildActionMask = 2147483647;
			files = (
				C13DE5EB2A45FEED004CECC3 /* RealityKitContent in Frameworks */,
			);
			runOnlyForDeploymentPostprocessing = 0;
		};
		C13DE5FA2A45FEEF004CECC3 /* Frameworks */ = {
			isa = PBXFrameworksBuildPhase;
			buildActionMask = 2147483647;
			files = (
			);
			runOnlyForDeploymentPostprocessing = 0;
		};
/* End PBXFrameworksBuildPhase section */

/* Begin PBXGroup section */
		C13DE5DC2A45FEED004CECC3 = {
			isa = PBXGroup;
			children = (
				C13DE5E72A45FEED004CECC3 /* rudo vision */,
				C13DE5E82A45FEED004CECC3 /* Packages */,
				C13DE6002A45FEEF004CECC3 /* rudo visionTests */,
				C13DE5E62A45FEED004CECC3 /* Products */,
			);
			sourceTree = "<group>";
		};
		C13DE5E62A45FEED004CECC3 /* Products */ = {
			isa = PBXGroup;
			children = (
				C13DE5E52A45FEED004CECC3 /* rudo vision.app */,
				C13DE5FD2A45FEEF004CECC3 /* rudo visionTests.xctest */,
			);
			name = Products;
			sourceTree = "<group>";
		};
		C13DE5E72A45FEED004CECC3 /* rudo vision */ = {
			isa = PBXGroup;
			children = (
				C13DE6182A4635C7004CECC3 /* rudo-vision-Info.plist */,
				C13DE6142A4622E4004CECC3 /* Domain */,
				C13DE6132A4622E0004CECC3 /* Data */,
				C13DE60B2A461F4A004CECC3 /* Presentation */,
				C13DE5F02A45FEED004CECC3 /* ImmersiveView.swift */,
				C13DE5F22A45FEED004CECC3 /* ImageBasedLight.exr */,
				C13DE5F42A45FEEE004CECC3 /* Assets.xcassets */,
				C13DE5F62A45FEEE004CECC3 /* Preview Content */,
			);
			path = "rudo vision";
			sourceTree = "<group>";
		};
		C13DE5E82A45FEED004CECC3 /* Packages */ = {
			isa = PBXGroup;
			children = (
				C13DE5E92A45FEED004CECC3 /* RealityKitContent */,
			);
			path = Packages;
			sourceTree = "<group>";
		};
		C13DE5F62A45FEEE004CECC3 /* Preview Content */ = {
			isa = PBXGroup;
			children = (
				C13DE5F72A45FEEE004CECC3 /* Preview Assets.xcassets */,
			);
			path = "Preview Content";
			sourceTree = "<group>";
		};
		C13DE6002A45FEEF004CECC3 /* rudo visionTests */ = {
			isa = PBXGroup;
			children = (
				C13DE6012A45FEEF004CECC3 /* rudo_visionTests.swift */,
			);
			path = "rudo visionTests";
			sourceTree = "<group>";
		};
		C13DE60B2A461F4A004CECC3 /* Presentation */ = {
			isa = PBXGroup;
			children = (
				C13DE6192A4636BC004CECC3 /* App */,
				C13DE60C2A461F56004CECC3 /* Modules */,
			);
			path = Presentation;
			sourceTree = "<group>";
		};
		C13DE60C2A461F56004CECC3 /* Modules */ = {
			isa = PBXGroup;
			children = (
				C13DE61C2A463B0A004CECC3 /* Statistics */,
				C13DE60D2A461F5F004CECC3 /* Home */,
			);
			path = Modules;
			sourceTree = "<group>";
		};
		C13DE60D2A461F5F004CECC3 /* Home */ = {
			isa = PBXGroup;
			children = (
				C13DE60E2A461F6F004CECC3 /* Row */,
				C13DE5EE2A45FEED004CECC3 /* HomeView.swift */,
				C13DE6112A462281004CECC3 /* HomeViewModel.swift */,
			);
			path = Home;
			sourceTree = "<group>";
		};
		C13DE60E2A461F6F004CECC3 /* Row */ = {
			isa = PBXGroup;
			children = (
				C13DE60F2A461F82004CECC3 /* FootballerRow.swift */,
			);
			path = Row;
			sourceTree = "<group>";
		};
		C13DE6132A4622E0004CECC3 /* Data */ = {
			isa = PBXGroup;
			children = (
			);
			path = Data;
			sourceTree = "<group>";
		};
		C13DE6142A4622E4004CECC3 /* Domain */ = {
			isa = PBXGroup;
			children = (
				C13DE6152A4622E8004CECC3 /* Entities */,
			);
			path = Domain;
			sourceTree = "<group>";
		};
		C13DE6152A4622E8004CECC3 /* Entities */ = {
			isa = PBXGroup;
			children = (
				C13DE6162A4622F6004CECC3 /* Footballer.swift */,
			);
			path = Entities;
			sourceTree = "<group>";
		};
		C13DE6192A4636BC004CECC3 /* App */ = {
			isa = PBXGroup;
			children = (
				C13DE5EC2A45FEED004CECC3 /* rudo_visionApp.swift */,
			);
			path = App;
			sourceTree = "<group>";
		};
		C13DE61C2A463B0A004CECC3 /* Statistics */ = {
			isa = PBXGroup;
			children = (
				C13DE61D2A463B32004CECC3 /* StatisticsView.swift */,
			);
			path = Statistics;
			sourceTree = "<group>";
		};
/* End PBXGroup section */

/* Begin PBXNativeTarget section */
		C13DE5E42A45FEED004CECC3 /* rudo vision */ = {
			isa = PBXNativeTarget;
			buildConfigurationList = C13DE6052A45FEEF004CECC3 /* Build configuration list for PBXNativeTarget "rudo vision" */;
			buildPhases = (
				C13DE5E12A45FEED004CECC3 /* Sources */,
				C13DE5E22A45FEED004CECC3 /* Frameworks */,
				C13DE5E32A45FEED004CECC3 /* Resources */,
			);
			buildRules = (
			);
			dependencies = (
			);
			name = "rudo vision";
			packageProductDependencies = (
				C13DE5EA2A45FEED004CECC3 /* RealityKitContent */,
			);
			productName = "rudo vision";
			productReference = C13DE5E52A45FEED004CECC3 /* rudo vision.app */;
			productType = "com.apple.product-type.application";
		};
		C13DE5FC2A45FEEF004CECC3 /* rudo visionTests */ = {
			isa = PBXNativeTarget;
			buildConfigurationList = C13DE6082A45FEEF004CECC3 /* Build configuration list for PBXNativeTarget "rudo visionTests" */;
			buildPhases = (
				C13DE5F92A45FEEF004CECC3 /* Sources */,
				C13DE5FA2A45FEEF004CECC3 /* Frameworks */,
				C13DE5FB2A45FEEF004CECC3 /* Resources */,
			);
			buildRules = (
			);
			dependencies = (
				C13DE5FF2A45FEEF004CECC3 /* PBXTargetDependency */,
			);
			name = "rudo visionTests";
			productName = "rudo visionTests";
			productReference = C13DE5FD2A45FEEF004CECC3 /* rudo visionTests.xctest */;
			productType = "com.apple.product-type.bundle.unit-test";
		};
/* End PBXNativeTarget section */

/* Begin PBXProject section */
		C13DE5DD2A45FEED004CECC3 /* Project object */ = {
			isa = PBXProject;
			attributes = {
				BuildIndependentTargetsInParallel = 1;
				LastSwiftUpdateCheck = 1500;
				LastUpgradeCheck = 1500;
				TargetAttributes = {
					C13DE5E42A45FEED004CECC3 = {
						CreatedOnToolsVersion = 15.0;
					};
					C13DE5FC2A45FEEF004CECC3 = {
						CreatedOnToolsVersion = 15.0;
						TestTargetID = C13DE5E42A45FEED004CECC3;
					};
				};
			};
			buildConfigurationList = C13DE5E02A45FEED004CECC3 /* Build configuration list for PBXProject "rudo vision" */;
			compatibilityVersion = "Xcode 14.0";
			developmentRegion = en;
			hasScannedForEncodings = 0;
			knownRegions = (
				en,
				Base,
			);
			mainGroup = C13DE5DC2A45FEED004CECC3;
			productRefGroup = C13DE5E62A45FEED004CECC3 /* Products */;
			projectDirPath = "";
			projectRoot = "";
			targets = (
				C13DE5E42A45FEED004CECC3 /* rudo vision */,
				C13DE5FC2A45FEEF004CECC3 /* rudo visionTests */,
			);
		};
/* End PBXProject section */

/* Begin PBXResourcesBuildPhase section */
		C13DE5E32A45FEED004CECC3 /* Resources */ = {
			isa = PBXResourcesBuildPhase;
			buildActionMask = 2147483647;
			files = (
				C13DE5F52A45FEEE004CECC3 /* Assets.xcassets in Resources */,
				C13DE5F82A45FEEE004CECC3 /* Preview Assets.xcassets in Resources */,
				C13DE5F32A45FEED004CECC3 /* ImageBasedLight.exr in Resources */,
			);
			runOnlyForDeploymentPostprocessing = 0;
		};
		C13DE5FB2A45FEEF004CECC3 /* Resources */ = {
			isa = PBXResourcesBuildPhase;
			buildActionMask = 2147483647;
			files = (
			);
			runOnlyForDeploymentPostprocessing = 0;
		};
/* End PBXResourcesBuildPhase section */

/* Begin PBXSourcesBuildPhase section */
		C13DE5E12A45FEED004CECC3 /* Sources */ = {
			isa = PBXSourcesBuildPhase;
			buildActionMask = 2147483647;
			files = (
				C13DE6102A461F82004CECC3 /* FootballerRow.swift in Sources */,
				C13DE5EF2A45FEED004CECC3 /* HomeView.swift in Sources */,
				C13DE5ED2A45FEED004CECC3 /* rudo_visionApp.swift in Sources */,
				C13DE61E2A463B32004CECC3 /* StatisticsView.swift in Sources */,
				C13DE6172A4622F6004CECC3 /* Footballer.swift in Sources */,
				C13DE6122A462281004CECC3 /* HomeViewModel.swift in Sources */,
				C13DE5F12A45FEED004CECC3 /* ImmersiveView.swift in Sources */,
			);
			runOnlyForDeploymentPostprocessing = 0;
		};
		C13DE5F92A45FEEF004CECC3 /* Sources */ = {
			isa = PBXSourcesBuildPhase;
			buildActionMask = 2147483647;
			files = (
				C13DE6022A45FEEF004CECC3 /* rudo_visionTests.swift in Sources */,
			);
			runOnlyForDeploymentPostprocessing = 0;
		};
/* End PBXSourcesBuildPhase section */

/* Begin PBXTargetDependency section */
		C13DE5FF2A45FEEF004CECC3 /* PBXTargetDependency */ = {
			isa = PBXTargetDependency;
			target = C13DE5E42A45FEED004CECC3 /* rudo vision */;
			targetProxy = C13DE5FE2A45FEEF004CECC3 /* PBXContainerItemProxy */;
		};
/* End PBXTargetDependency section */

/* Begin XCBuildConfiguration section */
		C13DE6032A45FEEF004CECC3 /* Debug */ = {
			isa = XCBuildConfiguration;
			buildSettings = {
				ALWAYS_SEARCH_USER_PATHS = NO;
				ASSETCATALOG_COMPILER_GENERATE_SWIFT_ASSET_SYMBOL_EXTENSIONS = YES;
				CLANG_ANALYZER_NONNULL = YES;
				CLANG_ANALYZER_NUMBER_OBJECT_CONVERSION = YES_AGGRESSIVE;
				CLANG_CXX_LANGUAGE_STANDARD = "gnu++20";
				CLANG_ENABLE_MODULES = YES;
				CLANG_ENABLE_OBJC_ARC = YES;
				CLANG_ENABLE_OBJC_WEAK = YES;
				CLANG_WARN_BLOCK_CAPTURE_AUTORELEASING = YES;
				CLANG_WARN_BOOL_CONVERSION = YES;
				CLANG_WARN_COMMA = YES;
				CLANG_WARN_CONSTANT_CONVERSION = YES;
				CLANG_WARN_DEPRECATED_OBJC_IMPLEMENTATIONS = YES;
				CLANG_WARN_DIRECT_OBJC_ISA_USAGE = YES_ERROR;
				CLANG_WARN_DOCUMENTATION_COMMENTS = YES;
				CLANG_WARN_EMPTY_BODY = YES;
				CLANG_WARN_ENUM_CONVERSION = YES;
				CLANG_WARN_INFINITE_RECURSION = YES;
				CLANG_WARN_INT_CONVERSION = YES;
				CLANG_WARN_NON_LITERAL_NULL_CONVERSION = YES;
				CLANG_WARN_OBJC_IMPLICIT_RETAIN_SELF = YES;
				CLANG_WARN_OBJC_LITERAL_CONVERSION = YES;
				CLANG_WARN_OBJC_ROOT_CLASS = YES_ERROR;
				CLANG_WARN_QUOTED_INCLUDE_IN_FRAMEWORK_HEADER = YES;
				CLANG_WARN_RANGE_LOOP_ANALYSIS = YES;
				CLANG_WARN_STRICT_PROTOTYPES = YES;
				CLANG_WARN_SUSPICIOUS_MOVE = YES;
				CLANG_WARN_UNGUARDED_AVAILABILITY = YES_AGGRESSIVE;
				CLANG_WARN_UNREACHABLE_CODE = YES;
				CLANG_WARN__DUPLICATE_METHOD_MATCH = YES;
				COPY_PHASE_STRIP = NO;
				DEBUG_INFORMATION_FORMAT = dwarf;
				ENABLE_STRICT_OBJC_MSGSEND = YES;
				ENABLE_TESTABILITY = YES;
				ENABLE_USER_SCRIPT_SANDBOXING = YES;
				GCC_C_LANGUAGE_STANDARD = gnu17;
				GCC_DYNAMIC_NO_PIC = NO;
				GCC_NO_COMMON_BLOCKS = YES;
				GCC_OPTIMIZATION_LEVEL = 0;
				GCC_PREPROCESSOR_DEFINITIONS = (
					"DEBUG=1",
					"$(inherited)",
				);
				GCC_WARN_64_TO_32_BIT_CONVERSION = YES;
				GCC_WARN_ABOUT_RETURN_TYPE = YES_ERROR;
				GCC_WARN_UNDECLARED_SELECTOR = YES;
				GCC_WARN_UNINITIALIZED_AUTOS = YES_AGGRESSIVE;
				GCC_WARN_UNUSED_FUNCTION = YES;
				GCC_WARN_UNUSED_VARIABLE = YES;
				LOCALIZATION_PREFERS_STRING_CATALOGS = YES;
				MTL_ENABLE_DEBUG_INFO = INCLUDE_SOURCE;
				MTL_FAST_MATH = YES;
				ONLY_ACTIVE_ARCH = YES;
				SDKROOT = xros;
				SWIFT_ACTIVE_COMPILATION_CONDITIONS = "DEBUG $(inherited)";
				SWIFT_OPTIMIZATION_LEVEL = "-Onone";
				XROS_DEPLOYMENT_TARGET = 1.0;
			};
			name = Debug;
		};
		C13DE6042A45FEEF004CECC3 /* Release */ = {
			isa = XCBuildConfiguration;
			buildSettings = {
				ALWAYS_SEARCH_USER_PATHS = NO;
				ASSETCATALOG_COMPILER_GENERATE_SWIFT_ASSET_SYMBOL_EXTENSIONS = YES;
				CLANG_ANALYZER_NONNULL = YES;
				CLANG_ANALYZER_NUMBER_OBJECT_CONVERSION = YES_AGGRESSIVE;
				CLANG_CXX_LANGUAGE_STANDARD = "gnu++20";
				CLANG_ENABLE_MODULES = YES;
				CLANG_ENABLE_OBJC_ARC = YES;
				CLANG_ENABLE_OBJC_WEAK = YES;
				CLANG_WARN_BLOCK_CAPTURE_AUTORELEASING = YES;
				CLANG_WARN_BOOL_CONVERSION = YES;
				CLANG_WARN_COMMA = YES;
				CLANG_WARN_CONSTANT_CONVERSION = YES;
				CLANG_WARN_DEPRECATED_OBJC_IMPLEMENTATIONS = YES;
				CLANG_WARN_DIRECT_OBJC_ISA_USAGE = YES_ERROR;
				CLANG_WARN_DOCUMENTATION_COMMENTS = YES;
				CLANG_WARN_EMPTY_BODY = YES;
				CLANG_WARN_ENUM_CONVERSION = YES;
				CLANG_WARN_INFINITE_RECURSION = YES;
				CLANG_WARN_INT_CONVERSION = YES;
				CLANG_WARN_NON_LITERAL_NULL_CONVERSION = YES;
				CLANG_WARN_OBJC_IMPLICIT_RETAIN_SELF = YES;
				CLANG_WARN_OBJC_LITERAL_CONVERSION = YES;
				CLANG_WARN_OBJC_ROOT_CLASS = YES_ERROR;
				CLANG_WARN_QUOTED_INCLUDE_IN_FRAMEWORK_HEADER = YES;
				CLANG_WARN_RANGE_LOOP_ANALYSIS = YES;
				CLANG_WARN_STRICT_PROTOTYPES = YES;
				CLANG_WARN_SUSPICIOUS_MOVE = YES;
				CLANG_WARN_UNGUARDED_AVAILABILITY = YES_AGGRESSIVE;
				CLANG_WARN_UNREACHABLE_CODE = YES;
				CLANG_WARN__DUPLICATE_METHOD_MATCH = YES;
				COPY_PHASE_STRIP = NO;
				DEBUG_INFORMATION_FORMAT = "dwarf-with-dsym";
				ENABLE_NS_ASSERTIONS = NO;
				ENABLE_STRICT_OBJC_MSGSEND = YES;
				ENABLE_USER_SCRIPT_SANDBOXING = YES;
				GCC_C_LANGUAGE_STANDARD = gnu17;
				GCC_NO_COMMON_BLOCKS = YES;
				GCC_WARN_64_TO_32_BIT_CONVERSION = YES;
				GCC_WARN_ABOUT_RETURN_TYPE = YES_ERROR;
				GCC_WARN_UNDECLARED_SELECTOR = YES;
				GCC_WARN_UNINITIALIZED_AUTOS = YES_AGGRESSIVE;
				GCC_WARN_UNUSED_FUNCTION = YES;
				GCC_WARN_UNUSED_VARIABLE = YES;
				LOCALIZATION_PREFERS_STRING_CATALOGS = YES;
				MTL_ENABLE_DEBUG_INFO = NO;
				MTL_FAST_MATH = YES;
				SDKROOT = xros;
				SWIFT_COMPILATION_MODE = wholemodule;
				VALIDATE_PRODUCT = YES;
				XROS_DEPLOYMENT_TARGET = 1.0;
			};
			name = Release;
		};
		C13DE6062A45FEEF004CECC3 /* Debug */ = {
			isa = XCBuildConfiguration;
			buildSettings = {
				ASSETCATALOG_COMPILER_APPICON_NAME = AppIcon;
				ASSETCATALOG_COMPILER_GLOBAL_ACCENT_COLOR_NAME = AccentColor;
				ASSETCATALOG_COMPILER_INCLUDE_ALL_APPICON_ASSETS = YES;
				CODE_SIGN_STYLE = Automatic;
				CURRENT_PROJECT_VERSION = 1;
				DEVELOPMENT_ASSET_PATHS = "\"rudo vision/Preview Content\"";
				DEVELOPMENT_TEAM = R88CDNMKLQ;
				ENABLE_PREVIEWS = YES;
				GENERATE_INFOPLIST_FILE = YES;
				INFOPLIST_FILE = "rudo-vision-Info.plist";
				INFOPLIST_KEY_UIApplicationSceneManifest_Generation = YES;
				LD_RUNPATH_SEARCH_PATHS = (
					"$(inherited)",
					"@executable_path/Frameworks",
				);
				MARKETING_VERSION = 1.0;
				PRODUCT_BUNDLE_IDENTIFIER = "es.rudo.swiftuiapp.rudo-vision";
				PRODUCT_NAME = "$(TARGET_NAME)";
				SUPPORTED_PLATFORMS = "xros xrsimulator";
				SWIFT_EMIT_LOC_STRINGS = YES;
				SWIFT_VERSION = 5.0;
				TARGETED_DEVICE_FAMILY = "1,2,7";
			};
			name = Debug;
		};
		C13DE6072A45FEEF004CECC3 /* Release */ = {
			isa = XCBuildConfiguration;
			buildSettings = {
				ASSETCATALOG_COMPILER_APPICON_NAME = AppIcon;
				ASSETCATALOG_COMPILER_GLOBAL_ACCENT_COLOR_NAME = AccentColor;
				ASSETCATALOG_COMPILER_INCLUDE_ALL_APPICON_ASSETS = YES;
				CODE_SIGN_STYLE = Automatic;
				CURRENT_PROJECT_VERSION = 1;
				DEVELOPMENT_ASSET_PATHS = "\"rudo vision/Preview Content\"";
				DEVELOPMENT_TEAM = R88CDNMKLQ;
				ENABLE_PREVIEWS = YES;
				GENERATE_INFOPLIST_FILE = YES;
				INFOPLIST_FILE = "rudo-vision-Info.plist";
				INFOPLIST_KEY_UIApplicationSceneManifest_Generation = YES;
				LD_RUNPATH_SEARCH_PATHS = (
					"$(inherited)",
					"@executable_path/Frameworks",
				);
				MARKETING_VERSION = 1.0;
				PRODUCT_BUNDLE_IDENTIFIER = "es.rudo.swiftuiapp.rudo-vision";
				PRODUCT_NAME = "$(TARGET_NAME)";
				SUPPORTED_PLATFORMS = "xros xrsimulator";
				SWIFT_EMIT_LOC_STRINGS = YES;
				SWIFT_VERSION = 5.0;
				TARGETED_DEVICE_FAMILY = "1,2,7";
			};
			name = Release;
		};
		C13DE6092A45FEEF004CECC3 /* Debug */ = {
			isa = XCBuildConfiguration;
			buildSettings = {
				ALWAYS_EMBED_SWIFT_STANDARD_LIBRARIES = YES;
				BUNDLE_LOADER = "$(TEST_HOST)";
				CODE_SIGN_STYLE = Automatic;
				CURRENT_PROJECT_VERSION = 1;
				DEVELOPMENT_TEAM = R88CDNMKLQ;
				GENERATE_INFOPLIST_FILE = YES;
				MARKETING_VERSION = 1.0;
				PRODUCT_BUNDLE_IDENTIFIER = "es.rudo.swiftuiapp.rudo-visionTests";
				PRODUCT_NAME = "$(TARGET_NAME)";
				SUPPORTED_PLATFORMS = "xros xrsimulator";
				SWIFT_EMIT_LOC_STRINGS = NO;
				SWIFT_VERSION = 5.0;
				TARGETED_DEVICE_FAMILY = "1,2,7";
				TEST_HOST = "$(BUILT_PRODUCTS_DIR)/rudo vision.app/$(BUNDLE_EXECUTABLE_FOLDER_PATH)/rudo vision";
				XROS_DEPLOYMENT_TARGET = 1.0;
			};
			name = Debug;
		};
		C13DE60A2A45FEEF004CECC3 /* Release */ = {
			isa = XCBuildConfiguration;
			buildSettings = {
				ALWAYS_EMBED_SWIFT_STANDARD_LIBRARIES = YES;
				BUNDLE_LOADER = "$(TEST_HOST)";
				CODE_SIGN_STYLE = Automatic;
				CURRENT_PROJECT_VERSION = 1;
				DEVELOPMENT_TEAM = R88CDNMKLQ;
				GENERATE_INFOPLIST_FILE = YES;
				MARKETING_VERSION = 1.0;
				PRODUCT_BUNDLE_IDENTIFIER = "es.rudo.swiftuiapp.rudo-visionTests";
				PRODUCT_NAME = "$(TARGET_NAME)";
				SUPPORTED_PLATFORMS = "xros xrsimulator";
				SWIFT_EMIT_LOC_STRINGS = NO;
				SWIFT_VERSION = 5.0;
				TARGETED_DEVICE_FAMILY = "1,2,7";
				TEST_HOST = "$(BUILT_PRODUCTS_DIR)/rudo vision.app/$(BUNDLE_EXECUTABLE_FOLDER_PATH)/rudo vision";
				XROS_DEPLOYMENT_TARGET = 1.0;
			};
			name = Release;
		};
/* End XCBuildConfiguration section */

/* Begin XCConfigurationList section */
		C13DE5E02A45FEED004CECC3 /* Build configuration list for PBXProject "rudo vision" */ = {
			isa = XCConfigurationList;
			buildConfigurations = (
				C13DE6032A45FEEF004CECC3 /* Debug */,
				C13DE6042A45FEEF004CECC3 /* Release */,
			);
			defaultConfigurationIsVisible = 0;
			defaultConfigurationName = Release;
		};
		C13DE6052A45FEEF004CECC3 /* Build configuration list for PBXNativeTarget "rudo vision" */ = {
			isa = XCConfigurationList;
			buildConfigurations = (
				C13DE6062A45FEEF004CECC3 /* Debug */,
				C13DE6072A45FEEF004CECC3 /* Release */,
			);
			defaultConfigurationIsVisible = 0;
			defaultConfigurationName = Release;
		};
		C13DE6082A45FEEF004CECC3 /* Build configuration list for PBXNativeTarget "rudo visionTests" */ = {
			isa = XCConfigurationList;
			buildConfigurations = (
				C13DE6092A45FEEF004CECC3 /* Debug */,
				C13DE60A2A45FEEF004CECC3 /* Release */,
			);
			defaultConfigurationIsVisible = 0;
			defaultConfigurationName = Release;
		};
/* End XCConfigurationList section */

/* Begin XCSwiftPackageProductDependency section */
		C13DE5EA2A45FEED004CECC3 /* RealityKitContent */ = {
			isa = XCSwiftPackageProductDependency;
			productName = RealityKitContent;
		};
/* End XCSwiftPackageProductDependency section */
	};
	rootObject = C13DE5DD2A45FEED004CECC3 /* Project object */;
}
